{
  "name": "qa-agent",
  "version": "1.0.0",
  "lockfileVersion": 3,
  "requires": true,
  "packages": {
    "": {
      "name": "qa-agent",
      "version": "1.0.0",
      "license": "ISC",
      "dependencies": {
        "@openai/codex-sdk": "^0.136.0"
      }
    },
    "node_modules/@openai/codex": {
      "version": "0.136.0",
      "resolved": "https://registry.npmjs.org/@openai/codex/-/codex-0.136.0.tgz",
      "integrity": "sha512-yu+diXznSOt8h296/CDOf2CNi55z1raA7aZ6sejjGy1QWPqn72YkBc2ByTzZG6G+1yiUqlm2G5Hid54hm3/kaA==",
      "license": "Apache-2.0",
      "bin": {
        "codex": "bin/codex.js"
      },
      "engines": {
        "node": ">=16"
      },
      "optionalDependencies": {
        "@openai/codex-darwin-arm64": "npm:@openai/codex@0.136.0-darwin-arm64",
        "@openai/codex-darwin-x64": "npm:@openai/codex@0.136.0-darwin-x64",
        "@openai/codex-linux-arm64": "npm:@openai/codex@0.136.0-linux-arm64",
        "@openai/codex-linux-x64": "npm:@openai/codex@0.136.0-linux-x64",
        "@openai/codex-win32-arm64": "npm:@openai/codex@0.136.0-win32-arm64",
        "@openai/codex-win32-x64": "npm:@openai/codex@0.136.0-win32-x64"
      }
    },
    "node_modules/@openai/codex-darwin-arm64": {
      "name": "@openai/codex",
      "version": "0.136.0-darwin-arm64",
      "resolved": "https://registry.npmjs.org/@openai/codex/-/codex-0.136.0-darwin-arm64.tgz",
      "integrity": "sha512-9xnEohnUO9l6qtPSDbG0Y2UXX5mBZ9Lsn0VMgjtkREGfWL9TawNC1d7D1ERMSJtHTlVvieoaFyK9LHPLQCO9Vw==",
      "cpu": [
        "arm64"
      ],
      "license": "Apache-2.0",
      "optional": true,
      "os": [
        "darwin"
      ],
      "engines": {
        "node": ">=16"
      }
    },
    "node_modules/@openai/codex-darwin-x64": {
      "name": "@openai/codex",
      "version": "0.136.0-darwin-x64",
      "resolved": "https://registry.npmjs.org/@openai/codex/-/codex-0.136.0-darwin-x64.tgz",
      "integrity": "sha512-HD9YLalPg0cv+CiZSmRWOl/8sefuJlxJcAmxyzb8mSaAMchD3V+2yS6M6E1Z2I6NX1irp4Polt1fPsjGdlHYhQ==",
      "cpu": [
        "x64"
      ],
      "license": "Apache-2.0",
      "optional": true,
      "os": [
        "darwin"
      ],
      "engines": {
        "node": ">=16"
      }
    },
    "node_modules/@openai/codex-linux-arm64": {
      "name": "@openai/codex",
      "version": "0.136.0-linux-arm64",
      "resolved": "https://registry.npmjs.org/@openai/codex/-/codex-0.136.0-linux-arm64.tgz",
      "integrity": "sha512-xDxTOk5ClEX/nzlQseqEoiubjIzVZfcWKn9nmKkHOLKknz+c7n6tbmw7eY4mwt29zTAAoFoecdRnbbsPZUHJ1g==",
      "cpu": [
        "arm64"
      ],
      "license": "Apache-2.0",
      "optional": true,
      "os": [
        "linux"
      ],
      "engines": {
        "node": ">=16"
      }
    },
    "node_modules/@openai/codex-linux-x64": {
      "name": "@openai/codex",
      "version": "0.136.0-linux-x64",
      "resolved": "https://registry.npmjs.org/@openai/codex/-/codex-0.136.0-linux-x64.tgz",
      "integrity": "sha512-Q6yZHRtUWD+27B5yAiOYyPAtM0BzW0Mm23YGaXDmfNEO5BYgHuUT80VDofUpjSyo2+ShYoZQUFVQAsNPKqd+Sw==",
      "cpu": [
        "x64"
      ],
      "license": "Apache-2.0",
      "optional": true,
      "os": [
        "linux"
      ],
      "engines": {
        "node": ">=16"
      }
    },
    "node_modules/@openai/codex-sdk": {
      "version": "0.136.0",
      "resolved": "https://registry.npmjs.org/@openai/codex-sdk/-/codex-sdk-0.136.0.tgz",
      "integrity": "sha512-qrSirrVxrpVHR1YIQQ4WSouneaQrQrRAAlQWJYRflvMCcruFXorsmIPeIbDqFXOa8A9H9FHHyc+2U4tdbEGGiQ==",
      "license": "Apache-2.0",
      "dependencies": {
        "@openai/codex": "0.136.0"
      },
      "engines": {
        "node": ">=18"
      }
    },
    "node_modules/@openai/codex-win32-arm64": {
      "name": "@openai/codex",
      "version": "0.136.0-win32-arm64",
      "resolved": "https://registry.npmjs.org/@openai/codex/-/codex-0.136.0-win32-arm64.tgz",
      "integrity": "sha512-mAHZXfygQxBg1JjZ9+bAZfBXe6fg8MabJhuDYhj5z0VF++orKSFsC1lMiv6PksQN36ikQefgVjc9EOlaE4lt7g==",
      "cpu": [
        "arm64"
      ],
      "license": "Apache-2.0",
      "optional": true,
      "os": [
        "win32"
      ],
      "engines": {
        "node": ">=16"
      }
    },
    "node_modules/@openai/codex-win32-x64": {
      "name": "@openai/codex",
      "version": "0.136.0-win32-x64",
      "resolved": "https://registry.npmjs.org/@openai/codex/-/codex-0.136.0-win32-x64.tgz",
      "integrity": "sha512-zS6DAmvjdWeAB1CL9KTUMkwzTwfXtxHy8GAtePw2a93jIqawoG07fBxAXuyoHZ3QXQkwEgqBx1zEEh33gdIKAw==",
      "cpu": [
        "x64"
      ],
      "license": "Apache-2.0",
      "optional": true,
      "os": [
        "win32"
      ],
      "engines": {
        "node": ">=16"
      }
    }
  }
}
